
Microsoft Visual Studio Solution File, Format Version 12.00
# Visual Studio 15
VisualStudioVersion = 15.0.26124.0
MinimumVisualStudioVersion = 15.0.26124.0
Project("{FAE04EC0-301F-11D3-BF4B-00C04F79EFBC}") = "LiteDBRun", "LiteDBRun\LiteDBRun.csproj", "{F409D352-5C6B-4850-97BF-6645162892F1}"
EndProject
Project("{FAE04EC0-301F-11D3-BF4B-00C04F79EFBC}") = "Common", "Common\Common.csproj", "{B73AD787-E0B5-4DE3-B634-A35184A80888}"
EndProject
Project("{FAE04EC0-301F-11D3-BF4B-00C04F79EFBC}") = "SqliteDBRun", "SqLiteDBRun\SqLiteDBRun.csproj", "{967D980D-F252-4CF2-BC25-CA593BC1FEBE}"
EndProject
Global
	GlobalSection(SolutionConfigurationPlatforms) = preSolution
		Debug|Any CPU = Debug|Any CPU
		Debug|x64 = Debug|x64
		Debug|x86 = Debug|x86
		Release|Any CPU = Release|Any CPU
		Release|x64 = Release|x64
		Release|x86 = Release|x86
	EndGlobalSection
	GlobalSection(SolutionProperties) = preSolution
		HideSolutionNode = FALSE
	EndGlobalSection
	GlobalSection(ProjectConfigurationPlatforms) = postSolution
		{F409D352-5C6B-4850-97BF-6645162892F1}.Debug|Any CPU.ActiveCfg = Debug|Any CPU
		{F409D352-5C6B-4850-97BF-6645162892F1}.Debug|Any CPU.Build.0 = Debug|Any CPU
		{F409D352-5C6B-4850-97BF-6645162892F1}.Debug|x64.ActiveCfg = Debug|Any CPU
		{F409D352-5C6B-4850-97BF-6645162892F1}.Debug|x64.Build.0 = Debug|Any CPU
		{F409D352-5C6B-4850-97BF-6645162892F1}.Debug|x86.ActiveCfg = Debug|Any CPU
		{F409D352-5C6B-4850-97BF-6645162892F1}.Debug|x86.Build.0 = Debug|Any CPU
		{F409D352-5C6B-4850-97BF-6645162892F1}.Release|Any CPU.ActiveCfg = Release|Any CPU
		{F409D352-5C6B-4850-97BF-6645162892F1}.Release|Any CPU.Build.0 = Release|Any CPU
		{F409D352-5C6B-4850-97BF-6645162892F1}.Release|x64.ActiveCfg = Release|Any CPU
		{F409D352-5C6B-4850-97BF-6645162892F1}.Release|x64.Build.0 = Release|Any CPU
		{F409D352-5C6B-4850-97BF-6645162892F1}.Release|x86.ActiveCfg = Release|Any CPU
		{F409D352-5C6B-4850-97BF-6645162892F1}.Release|x86.Build.0 = Release|Any CPU
		{B73AD787-E0B5-4DE3-B634-A35184A80888}.Debug|Any CPU.ActiveCfg = Debug|Any CPU
		{B73AD787-E0B5-4DE3-B634-A35184A80888}.Debug|Any CPU.Build.0 = Debug|Any CPU
		{B73AD787-E0B5-4DE3-B634-A35184A80888}.Debug|x64.ActiveCfg = Debug|Any CPU
		{B73AD787-E0B5-4DE3-B634-A35184A80888}.Debug|x64.Build.0 = Debug|Any CPU
		{B73AD787-E0B5-4DE3-B634-A35184A80888}.Debug|x86.ActiveCfg = Debug|Any CPU
		{B73AD787-E0B5-4DE3-B634-A35184A80888}.Debug|x86.Build.0 = Debug|Any CPU
		{B73AD787-E0B5-4DE3-B634-A35184A80888}.Release|Any CPU.ActiveCfg = Release|Any CPU
		{B73AD787-E0B5-4DE3-B634-A35184A80888}.Release|Any CPU.Build.0 = Release|Any CPU
		{B73AD787-E0B5-4DE3-B634-A35184A80888}.Release|x64.ActiveCfg = Release|Any CPU
		{B73AD787-E0B5-4DE3-B634-A35184A80888}.Release|x64.Build.0 = Release|Any CPU
		{B73AD787-E0B5-4DE3-B634-A35184A80888}.Release|x86.ActiveCfg = Release|Any CPU
		{B73AD787-E0B5-4DE3-B634-A35184A80888}.Release|x86.Build.0 = Release|Any CPU
		{967D980D-F252-4CF2-BC25-CA593BC1FEBE}.Debug|Any CPU.ActiveCfg = Debug|Any CPU
		{967D980D-F252-4CF2-BC25-CA593BC1FEBE}.Debug|Any CPU.Build.0 = Debug|Any CPU
		{967D980D-F252-4CF2-BC25-CA593BC1FEBE}.Debug|x64.ActiveCfg = Debug|Any CPU
		{967D980D-F252-4CF2-BC25-CA593BC1FEBE}.Debug|x64.Build.0 = Debug|Any CPU
		{967D980D-F252-4CF2-BC25-CA593BC1FEBE}.Debug|x86.ActiveCfg = Debug|Any CPU
		{967D980D-F252-4CF2-BC25-CA593BC1FEBE}.Debug|x86.Build.0 = Debug|Any CPU
		{967D980D-F252-4CF2-BC25-CA593BC1FEBE}.Release|Any CPU.ActiveCfg = Release|Any CPU
		{967D980D-F252-4CF2-BC25-CA593BC1FEBE}.Release|Any CPU.Build.0 = Release|Any CPU
		{967D980D-F252-4CF2-BC25-CA593BC1FEBE}.Release|x64.ActiveCfg = Release|Any CPU
		{967D980D-F252-4CF2-BC25-CA593BC1FEBE}.Release|x64.Build.0 = Release|Any CPU
		{967D980D-F252-4CF2-BC25-CA593BC1FEBE}.Release|x86.ActiveCfg = Release|Any CPU
		{967D980D-F252-4CF2-BC25-CA593BC1FEBE}.Release|x86.Build.0 = Release|Any CPU
	EndGlobalSection
EndGlobal
